// !$*UTF8*$!
{
	archiveVersion = 1;
	classes = {
	};
	objectVersion = 48;
	objects = {

/* Begin PBXBuildFile section */
		2E4579D81F3F5D6C0063DBF0 /* CPPBridging.cpp in Sources */ = {isa = PBXBuildFile; fileRef = 2E4579D61F3F5D6C0063DBF0 /* CPPBridging.cpp */; };
		2E4579DB1F3F5E030063DBF0 /* kotlin.a in Frameworks */ = {isa = PBXBuildFile; fileRef = 2E4579DA1F3F5E030063DBF0 /* kotlin.a */; };
		2E5E4D6F1F3F5AB400ED4534 /* AppDelegate.swift in Sources */ = {isa = PBXBuildFile; fileRef = 2E5E4D6E1F3F5AB400ED4534 /* AppDelegate.swift */; };
		2E5E4D711F3F5AB400ED4534 /* ViewController.swift in Sources */ = {isa = PBXBuildFile; fileRef = 2E5E4D701F3F5AB400ED4534 /* ViewController.swift */; };
		2E5E4D741F3F5AB400ED4534 /* Main.storyboard in Resources */ = {isa = PBXBuildFile; fileRef = 2E5E4D721F3F5AB400ED4534 /* Main.storyboard */; };
		2E5E4D761F3F5AB400ED4534 /* Assets.xcassets in Resources */ = {isa = PBXBuildFile; fileRef = 2E5E4D751F3F5AB400ED4534 /* Assets.xcassets */; };
		2E5E4D791F3F5AB400ED4534 /* LaunchScreen.storyboard in Resources */ = {isa = PBXBuildFile; fileRef = 2E5E4D771F3F5AB400ED4534 /* LaunchScreen.storyboard */; };
/* End PBXBuildFile section */

/* Begin PBXFileReference section */
		2E4579D51F3F5D6B0063DBF0 /* Kotlin Native-Bridging-Header.h */ = {isa = PBXFileReference; lastKnownFileType = sourcecode.c.h; path = "Kotlin Native-Bridging-Header.h"; sourceTree = "<group>"; };
		2E4579D61F3F5D6C0063DBF0 /* CPPBridging.cpp */ = {isa = PBXFileReference; lastKnownFileType = sourcecode.cpp.cpp; path = CPPBridging.cpp; sourceTree = "<group>"; };
		2E4579D71F3F5D6C0063DBF0 /* CPPBridging.hpp */ = {isa = PBXFileReference; lastKnownFileType = sourcecode.cpp.h; path = CPPBridging.hpp; sourceTree = "<group>"; };
		2E4579DA1F3F5E030063DBF0 /* kotlin.a */ = {isa = PBXFileReference; lastKnownFileType = archive.ar; name = kotlin.a; path = ../Library/kotlin.a; sourceTree = "<group>"; };
		2E5E4D6B1F3F5AB400ED4534 /* Kotlin Native.app */ = {isa = PBXFileReference; explicitFileType = wrapper.application; includeInIndex = 0; path = "Kotlin Native.app"; sourceTree = BUILT_PRODUCTS_DIR; };
		2E5E4D6E1F3F5AB400ED4534 /* AppDelegate.swift */ = {isa = PBXFileReference; lastKnownFileType = sourcecode.swift; path = AppDelegate.swift; sourceTree = "<group>"; };
		2E5E4D701F3F5AB400ED4534 /* ViewController.swift */ = {isa = PBXFileReference; lastKnownFileType = sourcecode.swift; path = ViewController.swift; sourceTree = "<group>"; };
		2E5E4D731F3F5AB400ED4534 /* Base */ = {isa = PBXFileReference; lastKnownFileType = file.storyboard; name = Base; path = Base.lproj/Main.storyboard; sourceTree = "<group>"; };
		2E5E4D751F3F5AB400ED4534 /* Assets.xcassets */ = {isa = PBXFileReference; lastKnownFileType = folder.assetcatalog; path = Assets.xcassets; sourceTree = "<group>"; };
		2E5E4D781F3F5AB400ED4534 /* Base */ = {isa = PBXFileReference; lastKnownFileType = file.storyboard; name = Base; path = Base.lproj/LaunchScreen.storyboard; sourceTree = "<group>"; };
		2E5E4D7A1F3F5AB400ED4534 /* Info.plist */ = {isa = PBXFileReference; lastKnownFileType = text.plist.xml; path = Info.plist; sourceTree = "<group>"; };
/* End PBXFileReference section */

/* Begin PBXFrameworksBuildPhase section */
		2E5E4D681F3F5AB400ED4534 /* Frameworks */ = {
			isa = PBXFrameworksBuildPhase;
			buildActionMask = 2147483647;
			files = (
				2E4579DB1F3F5E030063DBF0 /* kotlin.a in Frameworks */,
			);
			runOnlyForDeploymentPostprocessing = 0;
		};
/* End PBXFrameworksBuildPhase section */

/* Begin PBXGroup section */
		2E4579D91F3F5E030063DBF0 /* Frameworks */ = {
			isa = PBXGroup;
			children = (
				2E4579DA1F3F5E030063DBF0 /* kotlin.a */,
			);
			name = Frameworks;
			sourceTree = "<group>";
		};
		2E5E4D621F3F5AB400ED4534 = {
			isa = PBXGroup;
			children = (
				2E5E4D6D1F3F5AB400ED4534 /* Kotlin Native */,
				2E5E4D6C1F3F5AB400ED4534 /* Products */,
				2E4579D91F3F5E030063DBF0 /* Frameworks */,
			);
			sourceTree = "<group>";
		};
		2E5E4D6C1F3F5AB400ED4534 /* Products */ = {
			isa = PBXGroup;
			children = (
				2E5E4D6B1F3F5AB400ED4534 /* Kotlin Native.app */,
			);
			name = Products;
			sourceTree = "<group>";
		};
		2E5E4D6D1F3F5AB400ED4534 /* Kotlin Native */ = {
			isa = PBXGroup;
			children = (
				2E5E4D6E1F3F5AB400ED4534 /* AppDelegate.swift */,
				2E5E4D701F3F5AB400ED4534 /* ViewController.swift */,
				2E5E4D721F3F5AB400ED4534 /* Main.storyboard */,
				2E5E4D751F3F5AB400ED4534 /* Assets.xcassets */,
				2E5E4D771F3F5AB400ED4534 /* LaunchScreen.storyboard */,
				2E5E4D7A1F3F5AB400ED4534 /* Info.plist */,
				2E4579D61F3F5D6C0063DBF0 /* CPPBridging.cpp */,
				2E4579D71F3F5D6C0063DBF0 /* CPPBridging.hpp */,
				2E4579D51F3F5D6B0063DBF0 /* Kotlin Native-Bridging-Header.h */,
			);
			path = "Kotlin Native";
			sourceTree = "<group>";
		};
/* End PBXGroup section */

/* Begin PBXNativeTarget section */
		2E5E4D6A1F3F5AB400ED4534 /* Kotlin Native */ = {
			isa = PBXNativeTarget;
			buildConfigurationList = 2E5E4D7D1F3F5AB400ED4534 /* Build configuration list for PBXNativeTarget "Kotlin Native" */;
			buildPhases = (
				2E5E4D671F3F5AB400ED4534 /* Sources */,
				2E5E4D681F3F5AB400ED4534 /* Frameworks */,
				2E5E4D691F3F5AB400ED4534 /* Resources */,
			);
			buildRules = (
			);
			dependencies = (
			);
			name = "Kotlin Native";
			productName = "Kotlin Native";
			productReference = 2E5E4D6B1F3F5AB400ED4534 /* Kotlin Native.app */;
			productType = "com.apple.product-type.application";
		};
/* End PBXNativeTarget section */

/* Begin PBXProject section */
		2E5E4D631F3F5AB400ED4534 /* Project object */ = {
			isa = PBXProject;
			attributes = {
				LastSwiftUpdateCheck = 0900;
				LastUpgradeCheck = 0900;
				ORGANIZATIONNAME = Makowiec;
				TargetAttributes = {
					2E5E4D6A1F3F5AB400ED4534 = {
						CreatedOnToolsVersion = 9.0;
						LastSwiftMigration = 0900;
					};
				};
			};
			buildConfigurationList = 2E5E4D661F3F5AB400ED4534 /* Build configuration list for PBXProject "Kotlin Native" */;
			compatibilityVersion = "Xcode 8.0";
			developmentRegion = en;
			hasScannedForEncodings = 0;
			knownRegions = (
				en,
				Base,
			);
			mainGroup = 2E5E4D621F3F5AB400ED4534;
			productRefGroup = 2E5E4D6C1F3F5AB400ED4534 /* Products */;
			projectDirPath = "";
			projectRoot = "";
			targets = (
				2E5E4D6A1F3F5AB400ED4534 /* Kotlin Native */,
			);
		};
/* End PBXProject section */

/* Begin PBXResourcesBuildPhase section */
		2E5E4D691F3F5AB400ED4534 /* Resources */ = {
			isa = PBXResourcesBuildPhase;
			buildActionMask = 2147483647;
			files = (
				2E5E4D791F3F5AB400ED4534 /* LaunchScreen.storyboard in Resources */,
				2E5E4D761F3F5AB400ED4534 /* Assets.xcassets in Resources */,
				2E5E4D741F3F5AB400ED4534 /* Main.storyboard in Resources */,
			);
			runOnlyForDeploymentPostprocessing = 0;
		};
/* End PBXResourcesBuildPhase section */

/* Begin PBXSourcesBuildPhase section */
		2E5E4D671F3F5AB400ED4534 /* Sources */ = {
			isa = PBXSourcesBuildPhase;
			buildActionMask = 2147483647;
			files = (
				2E4579D81F3F5D6C0063DBF0 /* CPPBridging.cpp in Sources */,
				2E5E4D711F3F5AB400ED4534 /* ViewController.swift in Sources */,
				2E5E4D6F1F3F5AB400ED4534 /* AppDelegate.swift in Sources */,
			);
			runOnlyForDeploymentPostprocessing = 0;
		};
/* End PBXSourcesBuildPhase section */

/* Begin PBXVariantGroup section */
		2E5E4D721F3F5AB400ED4534 /* Main.storyboard */ = {
			isa = PBXVariantGroup;
			children = (
				2E5E4D731F3F5AB400ED4534 /* Base */,
			);
			name = Main.storyboard;
			sourceTree = "<group>";
		};
		2E5E4D771F3F5AB400ED4534 /* LaunchScreen.storyboard */ = {
			isa = PBXVariantGroup;
			children = (
				2E5E4D781F3F5AB400ED4534 /* Base */,
			);
			name = LaunchScreen.storyboard;
			sourceTree = "<group>";
		};
/* End PBXVariantGroup section */

/* Begin XCBuildConfiguration section */
		2E5E4D7B1F3F5AB400ED4534 /* Debug */ = {
			isa = XCBuildConfiguration;
			buildSettings = {
				ALWAYS_SEARCH_USER_PATHS = NO;
				CLANG_ANALYZER_NONNULL = YES;
				CLANG_ANALYZER_NUMBER_OBJECT_CONVERSION = YES_AGGRESSIVE;
				CLANG_CXX_LANGUAGE_STANDARD = "gnu++14";
				CLANG_CXX_LIBRARY = "libc++";
				CLANG_ENABLE_MODULES = YES;
				CLANG_ENABLE_OBJC_ARC = YES;
				CLANG_WARN_BLOCK_CAPTURE_AUTORELEASING = YES;
				CLANG_WARN_BOOL_CONVERSION = YES;
				CLANG_WARN_COMMA = YES;
				CLANG_WARN_CONSTANT_CONVERSION = YES;
				CLANG_WARN_DIRECT_OBJC_ISA_USAGE = YES_ERROR;
				CLANG_WARN_DOCUMENTATION_COMMENTS = YES;
				CLANG_WARN_EMPTY_BODY = YES;
				CLANG_WARN_ENUM_CONVERSION = YES;
				CLANG_WARN_INFINITE_RECURSION = YES;
				CLANG_WARN_INT_CONVERSION = YES;
				CLANG_WARN_NON_LITERAL_NULL_CONVERSION = YES;
				CLANG_WARN_OBJC_LITERAL_CONVERSION = YES;
				CLANG_WARN_OBJC_ROOT_CLASS = YES_ERROR;
				CLANG_WARN_RANGE_LOOP_ANALYSIS = YES;
				CLANG_WARN_STRICT_PROTOTYPES = YES;
				CLANG_WARN_SUSPICIOUS_MOVE = YES;
				CLANG_WARN_UNGUARDED_AVAILABILITY = YES_AGGRESSIVE;
				CLANG_WARN_UNREACHABLE_CODE = YES;
				CLANG_WARN__DUPLICATE_METHOD_MATCH = YES;
				CODE_SIGN_IDENTITY = "iPhone Developer";
				COPY_PHASE_STRIP = NO;
				DEBUG_INFORMATION_FORMAT = dwarf;
				ENABLE_STRICT_OBJC_MSGSEND = YES;
				ENABLE_TESTABILITY = YES;
				GCC_C_LANGUAGE_STANDARD = gnu11;
				GCC_DYNAMIC_NO_PIC = NO;
				GCC_NO_COMMON_BLOCKS = YES;
				GCC_OPTIMIZATION_LEVEL = 0;
				GCC_PREPROCESSOR_DEFINITIONS = (
					"DEBUG=1",
					"$(inherited)",
				);
				GCC_WARN_64_TO_32_BIT_CONVERSION = YES;
				GCC_WARN_ABOUT_RETURN_TYPE = YES_ERROR;
				GCC_WARN_UNDECLARED_SELECTOR = YES;
				GCC_WARN_UNINITIALIZED_AUTOS = YES_AGGRESSIVE;
				GCC_WARN_UNUSED_FUNCTION = YES;
				GCC_WARN_UNUSED_VARIABLE = YES;
				IPHONEOS_DEPLOYMENT_TARGET = 11.0;
				MTL_ENABLE_DEBUG_INFO = YES;
				ONLY_ACTIVE_ARCH = YES;
				SDKROOT = iphoneos;
				SWIFT_ACTIVE_COMPILATION_CONDITIONS = DEBUG;
				SWIFT_OPTIMIZATION_LEVEL = "-Onone";
			};
			name = Debug;
		};
		2E5E4D7C1F3F5AB400ED4534 /* Release */ = {
			isa = XCBuildConfiguration;
			buildSettings = {
				ALWAYS_SEARCH_USER_PATHS = NO;
				CLANG_ANALYZER_NONNULL = YES;
				CLANG_ANALYZER_NUMBER_OBJECT_CONVERSION = YES_AGGRESSIVE;
				CLANG_CXX_LANGUAGE_STANDARD = "gnu++14";
				CLANG_CXX_LIBRARY = "libc++";
				CLANG_ENABLE_MODULES = YES;
				CLANG_ENABLE_OBJC_ARC = YES;
				CLANG_WARN_BLOCK_CAPTURE_AUTORELEASING = YES;
				CLANG_WARN_BOOL_CONVERSION = YES;
				CLANG_WARN_COMMA = YES;
				CLANG_WARN_CONSTANT_CONVERSION = YES;
				CLANG_WARN_DIRECT_OBJC_ISA_USAGE = YES_ERROR;
				CLANG_WARN_DOCUMENTATION_COMMENTS = YES;
				CLANG_WARN_EMPTY_BODY = YES;
				CLANG_WARN_ENUM_CONVERSION = YES;
				CLANG_WARN_INFINITE_RECURSION = YES;
				CLANG_WARN_INT_CONVERSION = YES;
				CLANG_WARN_NON_LITERAL_NULL_CONVERSION = YES;
				CLANG_WARN_OBJC_LITERAL_CONVERSION = YES;
				CLANG_WARN_OBJC_ROOT_CLASS = YES_ERROR;
				CLANG_WARN_RANGE_LOOP_ANALYSIS = YES;
				CLANG_WARN_STRICT_PROTOTYPES = YES;
				CLANG_WARN_SUSPICIOUS_MOVE = YES;
				CLANG_WARN_UNGUARDED_AVAILABILITY = YES_AGGRESSIVE;
				CLANG_WARN_UNREACHABLE_CODE = YES;
				CLANG_WARN__DUPLICATE_METHOD_MATCH = YES;
				CODE_SIGN_IDENTITY = "iPhone Developer";
				COPY_PHASE_STRIP = NO;
				DEBUG_INFORMATION_FORMAT = "dwarf-with-dsym";
				ENABLE_NS_ASSERTIONS = NO;
				ENABLE_STRICT_OBJC_MSGSEND = YES;
				GCC_C_LANGUAGE_STANDARD = gnu11;
				GCC_NO_COMMON_BLOCKS = YES;
				GCC_WARN_64_TO_32_BIT_CONVERSION = YES;
				GCC_WARN_ABOUT_RETURN_TYPE = YES_ERROR;
				GCC_WARN_UNDECLARED_SELECTOR = YES;
				GCC_WARN_UNINITIALIZED_AUTOS = YES_AGGRESSIVE;
				GCC_WARN_UNUSED_FUNCTION = YES;
				GCC_WARN_UNUSED_VARIABLE = YES;
				IPHONEOS_DEPLOYMENT_TARGET = 11.0;
				MTL_ENABLE_DEBUG_INFO = NO;
				SDKROOT = iphoneos;
				SWIFT_OPTIMIZATION_LEVEL = "-Owholemodule";
				VALIDATE_PRODUCT = YES;
			};
			name = Release;
		};
		2E5E4D7E1F3F5AB400ED4534 /* Debug */ = {
			isa = XCBuildConfiguration;
			buildSettings = {
				ASSETCATALOG_COMPILER_APPICON_NAME = AppIcon;
				CLANG_CXX_LANGUAGE_STANDARD = "gnu++0x";
				CLANG_ENABLE_MODULES = YES;
				DEVELOPMENT_TEAM = UWRS59VC73;
				ENABLE_BITCODE = NO;
				INFOPLIST_FILE = "Kotlin Native/Info.plist";
				LD_RUNPATH_SEARCH_PATHS = "$(inherited) @executable_path/Frameworks";
				PRODUCT_BUNDLE_IDENTIFIER = "org.justmaku..Kotlin-Native";
				PRODUCT_NAME = "$(TARGET_NAME)";
				SWIFT_OBJC_BRIDGING_HEADER = "Kotlin Native/Kotlin Native-Bridging-Header.h";
				SWIFT_OPTIMIZATION_LEVEL = "-Onone";
				SWIFT_VERSION = 4.0;
				TARGETED_DEVICE_FAMILY = "1,2";
			};
			name = Debug;
		};
		2E5E4D7F1F3F5AB400ED4534 /* Release */ = {
			isa = XCBuildConfiguration;
			buildSettings = {
				ASSETCATALOG_COMPILER_APPICON_NAME = AppIcon;
				CLANG_CXX_LANGUAGE_STANDARD = "gnu++0x";
				CLANG_ENABLE_MODULES = YES;
				DEVELOPMENT_TEAM = UWRS59VC73;
				ENABLE_BITCODE = NO;
				INFOPLIST_FILE = "Kotlin Native/Info.plist";
				LD_RUNPATH_SEARCH_PATHS = "$(inherited) @executable_path/Frameworks";
				PRODUCT_BUNDLE_IDENTIFIER = "org.justmaku..Kotlin-Native";
				PRODUCT_NAME = "$(TARGET_NAME)";
				SWIFT_OBJC_BRIDGING_HEADER = "Kotlin Native/Kotlin Native-Bridging-Header.h";
				SWIFT_VERSION = 4.0;
				TARGETED_DEVICE_FAMILY = "1,2";
			};
			name = Release;
		};
/* End XCBuildConfiguration section */

/* Begin XCConfigurationList section */
		2E5E4D661F3F5AB400ED4534 /* Build configuration list for PBXProject "Kotlin Native" */ = {
			isa = XCConfigurationList;
			buildConfigurations = (
				2E5E4D7B1F3F5AB400ED4534 /* Debug */,
				2E5E4D7C1F3F5AB400ED4534 /* Release */,
			);
			defaultConfigurationIsVisible = 0;
			defaultConfigurationName = Release;
		};
		2E5E4D7D1F3F5AB400ED4534 /* Build configuration list for PBXNativeTarget "Kotlin Native" */ = {
			isa = XCConfigurationList;
			buildConfigurations = (
				2E5E4D7E1F3F5AB400ED4534 /* Debug */,
				2E5E4D7F1F3F5AB400ED4534 /* Release */,
			);
			defaultConfigurationIsVisible = 0;
			defaultConfigurationName = Release;
		};
/* End XCConfigurationList section */
	};
	rootObject = 2E5E4D631F3F5AB400ED4534 /* Project object */;
}
